// !$*UTF8*$!
{
	archiveVersion = 1;
	classes = {
	};
	objectVersion = 50;
	objects = {

/* Begin PBXBuildFile section */
		F2E867FA266E3A68003F059A /* Hausarbeit_Marco_BentzApp.swift in Sources */ = {isa = PBXBuildFile; fileRef = F2E867F9266E3A68003F059A /* Hausarbeit_Marco_BentzApp.swift */; };
		F2E867FC266E3A68003F059A /* ContentView.swift in Sources */ = {isa = PBXBuildFile; fileRef = F2E867FB266E3A68003F059A /* ContentView.swift */; };
		F2E867FE266E3A6A003F059A /* Assets.xcassets in Resources */ = {isa = PBXBuildFile; fileRef = F2E867FD266E3A6A003F059A /* Assets.xcassets */; };
		F2E86801266E3A6A003F059A /* Preview Assets.xcassets in Resources */ = {isa = PBXBuildFile; fileRef = F2E86800266E3A6A003F059A /* Preview Assets.xcassets */; };
		F2E86803266E3A6A003F059A /* Persistence.swift in Sources */ = {isa = PBXBuildFile; fileRef = F2E86802266E3A6A003F059A /* Persistence.swift */; };
		F2E86806266E3A6A003F059A /* Hausarbeit_Marco_Bentz.xcdatamodeld in Sources */ = {isa = PBXBuildFile; fileRef = F2E86804266E3A6A003F059A /* Hausarbeit_Marco_Bentz.xcdatamodeld */; };
		F2E86812266E3AC0003F059A /* AddView.swift in Sources */ = {isa = PBXBuildFile; fileRef = F2E8680E266E3AC0003F059A /* AddView.swift */; };
		F2E86813266E3AC0003F059A /* ProgressView.swift in Sources */ = {isa = PBXBuildFile; fileRef = F2E8680F266E3AC0003F059A /* ProgressView.swift */; };
		F2E86814266E3AC0003F059A /* ProfileView.swift in Sources */ = {isa = PBXBuildFile; fileRef = F2E86810266E3AC0003F059A /* ProfileView.swift */; };
		F2E86815266E3AC0003F059A /* SettingsView.swift in Sources */ = {isa = PBXBuildFile; fileRef = F2E86811266E3AC0003F059A /* SettingsView.swift */; };
		F2E86818266E54AA003F059A /* StepCounter.swift in Sources */ = {isa = PBXBuildFile; fileRef = F2E86817266E54AA003F059A /* StepCounter.swift */; };
		F2E8681A266E7939003F059A /* HealthStore.swift in Sources */ = {isa = PBXBuildFile; fileRef = F2E86819266E7939003F059A /* HealthStore.swift */; };
/* End PBXBuildFile section */

/* Begin PBXFileReference section */
		F2E867F6266E3A68003F059A /* Hausarbeit_Marco_Bentz.app */ = {isa = PBXFileReference; explicitFileType = wrapper.application; includeInIndex = 0; path = Hausarbeit_Marco_Bentz.app; sourceTree = BUILT_PRODUCTS_DIR; };
		F2E867F9266E3A68003F059A /* Hausarbeit_Marco_BentzApp.swift */ = {isa = PBXFileReference; lastKnownFileType = sourcecode.swift; path = Hausarbeit_Marco_BentzApp.swift; sourceTree = "<group>"; };
		F2E867FB266E3A68003F059A /* ContentView.swift */ = {isa = PBXFileReference; lastKnownFileType = sourcecode.swift; path = ContentView.swift; sourceTree = "<group>"; };
		F2E867FD266E3A6A003F059A /* Assets.xcassets */ = {isa = PBXFileReference; lastKnownFileType = folder.assetcatalog; path = Assets.xcassets; sourceTree = "<group>"; };
		F2E86800266E3A6A003F059A /* Preview Assets.xcassets */ = {isa = PBXFileReference; lastKnownFileType = folder.assetcatalog; path = "Preview Assets.xcassets"; sourceTree = "<group>"; };
		F2E86802266E3A6A003F059A /* Persistence.swift */ = {isa = PBXFileReference; lastKnownFileType = sourcecode.swift; path = Persistence.swift; sourceTree = "<group>"; };
		F2E86805266E3A6A003F059A /* Hausarbeit_Marco_Bentz.xcdatamodel */ = {isa = PBXFileReference; lastKnownFileType = wrapper.xcdatamodel; path = Hausarbeit_Marco_Bentz.xcdatamodel; sourceTree = "<group>"; };
		F2E86807266E3A6A003F059A /* Info.plist */ = {isa = PBXFileReference; lastKnownFileType = text.plist.xml; path = Info.plist; sourceTree = "<group>"; };
		F2E8680E266E3AC0003F059A /* AddView.swift */ = {isa = PBXFileReference; fileEncoding = 4; lastKnownFileType = sourcecode.swift; name = AddView.swift; path = ../../../HealthApp/HealthApp/Views/AddView.swift; sourceTree = "<group>"; };
		F2E8680F266E3AC0003F059A /* ProgressView.swift */ = {isa = PBXFileReference; fileEncoding = 4; lastKnownFileType = sourcecode.swift; name = ProgressView.swift; path = ../../../HealthApp/HealthApp/Views/ProgressView.swift; sourceTree = "<group>"; };
		F2E86810266E3AC0003F059A /* ProfileView.swift */ = {isa = PBXFileReference; fileEncoding = 4; lastKnownFileType = sourcecode.swift; name = ProfileView.swift; path = ../../../HealthApp/HealthApp/Views/ProfileView.swift; sourceTree = "<group>"; };
		F2E86811266E3AC0003F059A /* SettingsView.swift */ = {isa = PBXFileReference; fileEncoding = 4; lastKnownFileType = sourcecode.swift; name = SettingsView.swift; path = ../../../HealthApp/HealthApp/Views/SettingsView.swift; sourceTree = "<group>"; };
		F2E86817266E54AA003F059A /* StepCounter.swift */ = {isa = PBXFileReference; lastKnownFileType = sourcecode.swift; path = StepCounter.swift; sourceTree = "<group>"; };
		F2E86819266E7939003F059A /* HealthStore.swift */ = {isa = PBXFileReference; fileEncoding = 4; lastKnownFileType = sourcecode.swift; name = HealthStore.swift; path = ../../../Stepcounter/Stepcounter/HealthStore.swift; sourceTree = "<group>"; };
/* End PBXFileReference section */

/* Begin PBXFrameworksBuildPhase section */
		F2E867F3266E3A68003F059A /* Frameworks */ = {
			isa = PBXFrameworksBuildPhase;
			buildActionMask = 2147483647;
			files = (
			);
			runOnlyForDeploymentPostprocessing = 0;
		};
/* End PBXFrameworksBuildPhase section */

/* Begin PBXGroup section */
		F2E867ED266E3A68003F059A = {
			isa = PBXGroup;
			children = (
				F2E867F8266E3A68003F059A /* Hausarbeit_Marco_Bentz */,
				F2E867F7266E3A68003F059A /* Products */,
			);
			sourceTree = "<group>";
		};
		F2E867F7266E3A68003F059A /* Products */ = {
			isa = PBXGroup;
			children = (
				F2E867F6266E3A68003F059A /* Hausarbeit_Marco_Bentz.app */,
			);
			name = Products;
			sourceTree = "<group>";
		};
		F2E867F8266E3A68003F059A /* Hausarbeit_Marco_Bentz */ = {
			isa = PBXGroup;
			children = (
				F2E86816266E5492003F059A /* Functions */,
				F2E8680D266E3AAD003F059A /* Views */,
				F2E867F9266E3A68003F059A /* Hausarbeit_Marco_BentzApp.swift */,
				F2E867FB266E3A68003F059A /* ContentView.swift */,
				F2E867FD266E3A6A003F059A /* Assets.xcassets */,
				F2E86802266E3A6A003F059A /* Persistence.swift */,
				F2E86807266E3A6A003F059A /* Info.plist */,
				F2E86804266E3A6A003F059A /* Hausarbeit_Marco_Bentz.xcdatamodeld */,
				F2E867FF266E3A6A003F059A /* Preview Content */,
			);
			path = Hausarbeit_Marco_Bentz;
			sourceTree = "<group>";
		};
		F2E867FF266E3A6A003F059A /* Preview Content */ = {
			isa = PBXGroup;
			children = (
				F2E86800266E3A6A003F059A /* Preview Assets.xcassets */,
			);
			path = "Preview Content";
			sourceTree = "<group>";
		};
		F2E8680D266E3AAD003F059A /* Views */ = {
			isa = PBXGroup;
			children = (
				F2E8680E266E3AC0003F059A /* AddView.swift */,
				F2E8680F266E3AC0003F059A /* ProgressView.swift */,
				F2E86810266E3AC0003F059A /* ProfileView.swift */,
				F2E86811266E3AC0003F059A /* SettingsView.swift */,
			);
			path = Views;
			sourceTree = "<group>";
		};
		F2E86816266E5492003F059A /* Functions */ = {
			isa = PBXGroup;
			children = (
				F2E86819266E7939003F059A /* HealthStore.swift */,
				F2E86817266E54AA003F059A /* StepCounter.swift */,
			);
			path = Functions;
			sourceTree = "<group>";
		};
/* End PBXGroup section */

/* Begin PBXNativeTarget section */
		F2E867F5266E3A68003F059A /* Hausarbeit_Marco_Bentz */ = {
			isa = PBXNativeTarget;
			buildConfigurationList = F2E8680A266E3A6A003F059A /* Build configuration list for PBXNativeTarget "Hausarbeit_Marco_Bentz" */;
			buildPhases = (
				F2E867F2266E3A68003F059A /* Sources */,
				F2E867F3266E3A68003F059A /* Frameworks */,
				F2E867F4266E3A68003F059A /* Resources */,
			);
			buildRules = (
			);
			dependencies = (
			);
			name = Hausarbeit_Marco_Bentz;
			productName = Hausarbeit_Marco_Bentz;
			productReference = F2E867F6266E3A68003F059A /* Hausarbeit_Marco_Bentz.app */;
			productType = "com.apple.product-type.application";
		};
/* End PBXNativeTarget section */

/* Begin PBXProject section */
		F2E867EE266E3A68003F059A /* Project object */ = {
			isa = PBXProject;
			attributes = {
				LastSwiftUpdateCheck = 1250;
				LastUpgradeCheck = 1250;
				TargetAttributes = {
					F2E867F5266E3A68003F059A = {
						CreatedOnToolsVersion = 12.5;
					};
				};
			};
			buildConfigurationList = F2E867F1266E3A68003F059A /* Build configuration list for PBXProject "Hausarbeit_Marco_Bentz" */;
			compatibilityVersion = "Xcode 9.3";
			developmentRegion = en;
			hasScannedForEncodings = 0;
			knownRegions = (
				en,
				Base,
			);
			mainGroup = F2E867ED266E3A68003F059A;
			productRefGroup = F2E867F7266E3A68003F059A /* Products */;
			projectDirPath = "";
			projectRoot = "";
			targets = (
				F2E867F5266E3A68003F059A /* Hausarbeit_Marco_Bentz */,
			);
		};
/* End PBXProject section */

/* Begin PBXResourcesBuildPhase section */
		F2E867F4266E3A68003F059A /* Resources */ = {
			isa = PBXResourcesBuildPhase;
			buildActionMask = 2147483647;
			files = (
				F2E86801266E3A6A003F059A /* Preview Assets.xcassets in Resources */,
				F2E867FE266E3A6A003F059A /* Assets.xcassets in Resources */,
			);
			runOnlyForDeploymentPostprocessing = 0;
		};
/* End PBXResourcesBuildPhase section */

/* Begin PBXSourcesBuildPhase section */
		F2E867F2266E3A68003F059A /* Sources */ = {
			isa = PBXSourcesBuildPhase;
			buildActionMask = 2147483647;
			files = (
				F2E86803266E3A6A003F059A /* Persistence.swift in Sources */,
				F2E8681A266E7939003F059A /* HealthStore.swift in Sources */,
				F2E86815266E3AC0003F059A /* SettingsView.swift in Sources */,
				F2E867FC266E3A68003F059A /* ContentView.swift in Sources */,
				F2E86812266E3AC0003F059A /* AddView.swift in Sources */,
				F2E86806266E3A6A003F059A /* Hausarbeit_Marco_Bentz.xcdatamodeld in Sources */,
				F2E867FA266E3A68003F059A /* Hausarbeit_Marco_BentzApp.swift in Sources */,
				F2E86814266E3AC0003F059A /* ProfileView.swift in Sources */,
				F2E86813266E3AC0003F059A /* ProgressView.swift in Sources */,
				F2E86818266E54AA003F059A /* StepCounter.swift in Sources */,
			);
			runOnlyForDeploymentPostprocessing = 0;
		};
/* End PBXSourcesBuildPhase section */

/* Begin XCBuildConfiguration section */
		F2E86808266E3A6A003F059A /* Debug */ = {
			isa = XCBuildConfiguration;
			buildSettings = {
				ALWAYS_SEARCH_USER_PATHS = NO;
				CLANG_ANALYZER_NONNULL = YES;
				CLANG_ANALYZER_NUMBER_OBJECT_CONVERSION = YES_AGGRESSIVE;
				CLANG_CXX_LANGUAGE_STANDARD = "gnu++14";
				CLANG_CXX_LIBRARY = "libc++";
				CLANG_ENABLE_MODULES = YES;
				CLANG_ENABLE_OBJC_ARC = YES;
				CLANG_ENABLE_OBJC_WEAK = YES;
				CLANG_WARN_BLOCK_CAPTURE_AUTORELEASING = YES;
				CLANG_WARN_BOOL_CONVERSION = YES;
				CLANG_WARN_COMMA = YES;
				CLANG_WARN_CONSTANT_CONVERSION = YES;
				CLANG_WARN_DEPRECATED_OBJC_IMPLEMENTATIONS = YES;
				CLANG_WARN_DIRECT_OBJC_ISA_USAGE = YES_ERROR;
				CLANG_WARN_DOCUMENTATION_COMMENTS = YES;
				CLANG_WARN_EMPTY_BODY = YES;
				CLANG_WARN_ENUM_CONVERSION = YES;
				CLANG_WARN_INFINITE_RECURSION = YES;
				CLANG_WARN_INT_CONVERSION = YES;
				CLANG_WARN_NON_LITERAL_NULL_CONVERSION = YES;
				CLANG_WARN_OBJC_IMPLICIT_RETAIN_SELF = YES;
				CLANG_WARN_OBJC_LITERAL_CONVERSION = YES;
				CLANG_WARN_OBJC_ROOT_CLASS = YES_ERROR;
				CLANG_WARN_QUOTED_INCLUDE_IN_FRAMEWORK_HEADER = YES;
				CLANG_WARN_RANGE_LOOP_ANALYSIS = YES;
				CLANG_WARN_STRICT_PROTOTYPES = YES;
				CLANG_WARN_SUSPICIOUS_MOVE = YES;
				CLANG_WARN_UNGUARDED_AVAILABILITY = YES_AGGRESSIVE;
				CLANG_WARN_UNREACHABLE_CODE = YES;
				CLANG_WARN__DUPLICATE_METHOD_MATCH = YES;
				COPY_PHASE_STRIP = NO;
				DEBUG_INFORMATION_FORMAT = dwarf;
				ENABLE_STRICT_OBJC_MSGSEND = YES;
				ENABLE_TESTABILITY = YES;
				GCC_C_LANGUAGE_STANDARD = gnu11;
				GCC_DYNAMIC_NO_PIC = NO;
				GCC_NO_COMMON_BLOCKS = YES;
				GCC_OPTIMIZATION_LEVEL = 0;
				GCC_PREPROCESSOR_DEFINITIONS = (
					"DEBUG=1",
					"$(inherited)",
				);
				GCC_WARN_64_TO_32_BIT_CONVERSION = YES;
				GCC_WARN_ABOUT_RETURN_TYPE = YES_ERROR;
				GCC_WARN_UNDECLARED_SELECTOR = YES;
				GCC_WARN_UNINITIALIZED_AUTOS = YES_AGGRESSIVE;
				GCC_WARN_UNUSED_FUNCTION = YES;
				GCC_WARN_UNUSED_VARIABLE = YES;
				IPHONEOS_DEPLOYMENT_TARGET = 14.5;
				MTL_ENABLE_DEBUG_INFO = INCLUDE_SOURCE;
				MTL_FAST_MATH = YES;
				ONLY_ACTIVE_ARCH = YES;
				SDKROOT = iphoneos;
				SWIFT_ACTIVE_COMPILATION_CONDITIONS = DEBUG;
				SWIFT_OPTIMIZATION_LEVEL = "-Onone";
			};
			name = Debug;
		};
		F2E86809266E3A6A003F059A /* Release */ = {
			isa = XCBuildConfiguration;
			buildSettings = {
				ALWAYS_SEARCH_USER_PATHS = NO;
				CLANG_ANALYZER_NONNULL = YES;
				CLANG_ANALYZER_NUMBER_OBJECT_CONVERSION = YES_AGGRESSIVE;
				CLANG_CXX_LANGUAGE_STANDARD = "gnu++14";
				CLANG_CXX_LIBRARY = "libc++";
				CLANG_ENABLE_MODULES = YES;
				CLANG_ENABLE_OBJC_ARC = YES;
				CLANG_ENABLE_OBJC_WEAK = YES;
				CLANG_WARN_BLOCK_CAPTURE_AUTORELEASING = YES;
				CLANG_WARN_BOOL_CONVERSION = YES;
				CLANG_WARN_COMMA = YES;
				CLANG_WARN_CONSTANT_CONVERSION = YES;
				CLANG_WARN_DEPRECATED_OBJC_IMPLEMENTATIONS = YES;
				CLANG_WARN_DIRECT_OBJC_ISA_USAGE = YES_ERROR;
				CLANG_WARN_DOCUMENTATION_COMMENTS = YES;
				CLANG_WARN_EMPTY_BODY = YES;
				CLANG_WARN_ENUM_CONVERSION = YES;
				CLANG_WARN_INFINITE_RECURSION = YES;
				CLANG_WARN_INT_CONVERSION = YES;
				CLANG_WARN_NON_LITERAL_NULL_CONVERSION = YES;
				CLANG_WARN_OBJC_IMPLICIT_RETAIN_SELF = YES;
				CLANG_WARN_OBJC_LITERAL_CONVERSION = YES;
				CLANG_WARN_OBJC_ROOT_CLASS = YES_ERROR;
				CLANG_WARN_QUOTED_INCLUDE_IN_FRAMEWORK_HEADER = YES;
				CLANG_WARN_RANGE_LOOP_ANALYSIS = YES;
				CLANG_WARN_STRICT_PROTOTYPES = YES;
				CLANG_WARN_SUSPICIOUS_MOVE = YES;
				CLANG_WARN_UNGUARDED_AVAILABILITY = YES_AGGRESSIVE;
				CLANG_WARN_UNREACHABLE_CODE = YES;
				CLANG_WARN__DUPLICATE_METHOD_MATCH = YES;
				COPY_PHASE_STRIP = NO;
				DEBUG_INFORMATION_FORMAT = "dwarf-with-dsym";
				ENABLE_NS_ASSERTIONS = NO;
				ENABLE_STRICT_OBJC_MSGSEND = YES;
				GCC_C_LANGUAGE_STANDARD = gnu11;
				GCC_NO_COMMON_BLOCKS = YES;
				GCC_WARN_64_TO_32_BIT_CONVERSION = YES;
				GCC_WARN_ABOUT_RETURN_TYPE = YES_ERROR;
				GCC_WARN_UNDECLARED_SELECTOR = YES;
				GCC_WARN_UNINITIALIZED_AUTOS = YES_AGGRESSIVE;
				GCC_WARN_UNUSED_FUNCTION = YES;
				GCC_WARN_UNUSED_VARIABLE = YES;
				IPHONEOS_DEPLOYMENT_TARGET = 14.5;
				MTL_ENABLE_DEBUG_INFO = NO;
				MTL_FAST_MATH = YES;
				SDKROOT = iphoneos;
				SWIFT_COMPILATION_MODE = wholemodule;
				SWIFT_OPTIMIZATION_LEVEL = "-O";
				VALIDATE_PRODUCT = YES;
			};
			name = Release;
		};
		F2E8680B266E3A6A003F059A /* Debug */ = {
			isa = XCBuildConfiguration;
			buildSettings = {
				ASSETCATALOG_COMPILER_APPICON_NAME = AppIcon;
				ASSETCATALOG_COMPILER_GLOBAL_ACCENT_COLOR_NAME = AccentColor;
				CODE_SIGN_STYLE = Automatic;
				DEVELOPMENT_ASSET_PATHS = "\"Hausarbeit_Marco_Bentz/Preview Content\"";
				DEVELOPMENT_TEAM = KLTAMQUS47;
				ENABLE_PREVIEWS = YES;
				INFOPLIST_FILE = Hausarbeit_Marco_Bentz/Info.plist;
				IPHONEOS_DEPLOYMENT_TARGET = 14.0;
				LD_RUNPATH_SEARCH_PATHS = (
					"$(inherited)",
					"@executable_path/Frameworks",
				);
				PRODUCT_BUNDLE_IDENTIFIER = "Marco-Bentz.Hausarbeit-Marco-Bentz";
				PRODUCT_NAME = "$(TARGET_NAME)";
				SWIFT_VERSION = 5.0;
				TARGETED_DEVICE_FAMILY = "1,2";
			};
			name = Debug;
		};
		F2E8680C266E3A6A003F059A /* Release */ = {
			isa = XCBuildConfiguration;
			buildSettings = {
				ASSETCATALOG_COMPILER_APPICON_NAME = AppIcon;
				ASSETCATALOG_COMPILER_GLOBAL_ACCENT_COLOR_NAME = AccentColor;
				CODE_SIGN_STYLE = Automatic;
				DEVELOPMENT_ASSET_PATHS = "\"Hausarbeit_Marco_Bentz/Preview Content\"";
				DEVELOPMENT_TEAM = KLTAMQUS47;
				ENABLE_PREVIEWS = YES;
				INFOPLIST_FILE = Hausarbeit_Marco_Bentz/Info.plist;
				IPHONEOS_DEPLOYMENT_TARGET = 14.0;
				LD_RUNPATH_SEARCH_PATHS = (
					"$(inherited)",
					"@executable_path/Frameworks",
				);
				PRODUCT_BUNDLE_IDENTIFIER = "Marco-Bentz.Hausarbeit-Marco-Bentz";
				PRODUCT_NAME = "$(TARGET_NAME)";
				SWIFT_VERSION = 5.0;
				TARGETED_DEVICE_FAMILY = "1,2";
			};
			name = Release;
		};
/* End XCBuildConfiguration section */

/* Begin XCConfigurationList section */
		F2E867F1266E3A68003F059A /* Build configuration list for PBXProject "Hausarbeit_Marco_Bentz" */ = {
			isa = XCConfigurationList;
			buildConfigurations = (
				F2E86808266E3A6A003F059A /* Debug */,
				F2E86809266E3A6A003F059A /* Release */,
			);
			defaultConfigurationIsVisible = 0;
			defaultConfigurationName = Release;
		};
		F2E8680A266E3A6A003F059A /* Build configuration list for PBXNativeTarget "Hausarbeit_Marco_Bentz" */ = {
			isa = XCConfigurationList;
			buildConfigurations = (
				F2E8680B266E3A6A003F059A /* Debug */,
				F2E8680C266E3A6A003F059A /* Release */,
			);
			defaultConfigurationIsVisible = 0;
			defaultConfigurationName = Release;
		};
/* End XCConfigurationList section */

/* Begin XCVersionGroup section */
		F2E86804266E3A6A003F059A /* Hausarbeit_Marco_Bentz.xcdatamodeld */ = {
			isa = XCVersionGroup;
			children = (
				F2E86805266E3A6A003F059A /* Hausarbeit_Marco_Bentz.xcdatamodel */,
			);
			currentVersion = F2E86805266E3A6A003F059A /* Hausarbeit_Marco_Bentz.xcdatamodel */;
			path = Hausarbeit_Marco_Bentz.xcdatamodeld;
			sourceTree = "<group>";
			versionGroupType = wrapper.xcdatamodel;
		};
/* End XCVersionGroup section */
	};
	rootObject = F2E867EE266E3A68003F059A /* Project object */;
}
